
Microsoft Visual Studio Solution File, Format Version 12.00
Project("{FAE04EC0-301F-11D3-BF4B-00C04F79EFBC}") = "RagAI_v2", "RagAI_v2\RagAI_v2.csproj", "{BBE06A2A-EDC1-4CE1-963C-71165234B973}"
EndProject
Project("{FAE04EC0-301F-11D3-BF4B-00C04F79EFBC}") = "RagAI_v2.Tests", "RagAI_v2.Tests\RagAI_v2.Tests.csproj", "{121DB923-F437-4006-82CB-54DC07EA2D09}"
EndProject
Global
	GlobalSection(SolutionConfigurationPlatforms) = preSolution
		Debug|Any CPU = Debug|Any CPU
		Release|Any CPU = Release|Any CPU
	EndGlobalSection
	GlobalSection(ProjectConfigurationPlatforms) = postSolution
		{BBE06A2A-EDC1-4CE1-963C-71165234B973}.Debug|Any CPU.ActiveCfg = Debug|Any CPU
		{BBE06A2A-EDC1-4CE1-963C-71165234B973}.Debug|Any CPU.Build.0 = Debug|Any CPU
		{BBE06A2A-EDC1-4CE1-963C-71165234B973}.Release|Any CPU.ActiveCfg = Release|Any CPU
		{BBE06A2A-EDC1-4CE1-963C-71165234B973}.Release|Any CPU.Build.0 = Release|Any CPU
		{121DB923-F437-4006-82CB-54DC07EA2D09}.Debug|Any CPU.ActiveCfg = Debug|Any CPU
		{121DB923-F437-4006-82CB-54DC07EA2D09}.Debug|Any CPU.Build.0 = Debug|Any CPU
		{121DB923-F437-4006-82CB-54DC07EA2D09}.Release|Any CPU.ActiveCfg = Release|Any CPU
		{121DB923-F437-4006-82CB-54DC07EA2D09}.Release|Any CPU.Build.0 = Release|Any CPU
	EndGlobalSection
EndGlobal
